PODS:
  - AEXML (4.1.0)
  - Alamofire (4.4.0)
  - AlamofireImage (3.2.0):
    - Alamofire (~> 4.1)
  - AlamofireXMLRPC (2.1.0):
    - AEXML
    - Alamofire
  - Firebase (3.15.0):
    - Firebase/Core (= 3.15.0)
  - Firebase/Core (3.15.0):
    - FirebaseAnalytics (= 3.7.0)
    - FirebaseCore (= 3.5.2)
  - Firebase/Database (3.15.0):
    - Firebase/Core
    - FirebaseDatabase (= 3.1.2)
  - FirebaseAnalytics (3.7.0):
    - FirebaseCore (~> 3.5)
    - FirebaseInstanceID (~> 1.0)
    - GoogleToolboxForMac/NSData+zlib (~> 2.1)
  - FirebaseCore (3.5.2):
    - GoogleToolboxForMac/NSData+zlib (~> 2.1)
  - FirebaseDatabase (3.1.2):
    - FirebaseAnalytics (~> 3.7)
  - FirebaseInstanceID (1.0.9)
  - GoogleToolboxForMac/Defines (2.1.1)
  - GoogleToolboxForMac/NSData+zlib (2.1.1):
    - GoogleToolboxForMac/Defines (= 2.1.1)
  - HTMLString (3.0.0)
  - RestEssentials (3.0.0)
  - StringExtensionHTML (0.2.0)
  - SwiftyJSON (3.1.4)
  - SWXMLHash (3.0.4)

DEPENDENCIES:
  - AEXML (from `https://github.com/tadija/AEXML.git`)
  - Alamofire (from `https://github.com/Alamofire/Alamofire.git`)
  - AlamofireImage (from `https://github.com/Alamofire/AlamofireImage.git`)
  - AlamofireXMLRPC (from `https://github.com/kodlian/AlamofireXMLRPC.git`)
  - Firebase
  - Firebase/Database
  - HTMLString (from `https://github.com/alexaubry/HTMLString.git`)
  - RestEssentials (from `https://github.com/sean7512/RestEssentials.git`)
  - StringExtensionHTML (from `https://github.com/adela-chang/StringExtensionHTML.git`)
  - SwiftyJSON (from `https://github.com/SwiftyJSON/SwiftyJSON.git`)
  - SWXMLHash (from `https://github.com/drmohundro/SWXMLHash.git`)

EXTERNAL SOURCES:
  AEXML:
    :git: https://github.com/tadija/AEXML.git
  Alamofire:
    :git: https://github.com/Alamofire/Alamofire.git
  AlamofireImage:
    :git: https://github.com/Alamofire/AlamofireImage.git
  AlamofireXMLRPC:
    :git: https://github.com/kodlian/AlamofireXMLRPC.git
  HTMLString:
    :git: https://github.com/alexaubry/HTMLString.git
  RestEssentials:
    :git: https://github.com/sean7512/RestEssentials.git
  StringExtensionHTML:
    :git: https://github.com/adela-chang/StringExtensionHTML.git
  SwiftyJSON:
    :git: https://github.com/SwiftyJSON/SwiftyJSON.git
  SWXMLHash:
    :git: https://github.com/drmohundro/SWXMLHash.git

CHECKOUT OPTIONS:
  AEXML:
    :commit: 2981eccd86a69ea12a7f71a4c6b4d5177c2972a9
    :git: https://github.com/tadija/AEXML.git
  Alamofire:
    :commit: 59a60d223c668e75053fbbcb9fced3d15e9654ca
    :git: https://github.com/Alamofire/Alamofire.git
  AlamofireImage:
    :commit: d78251c9a99bae0954aae93e4430f27a02336740
    :git: https://github.com/Alamofire/AlamofireImage.git
  AlamofireXMLRPC:
    :commit: e00482d6e468a3e3d2834f552ec5c71e251f2b3f
    :git: https://github.com/kodlian/AlamofireXMLRPC.git
  HTMLString:
    :commit: f6cd285dce271ca2e22ffc5206174a2900a26d7c
    :git: https://github.com/alexaubry/HTMLString.git
  RestEssentials:
    :commit: 4d443c777ba65d80ed146f61dfb058888f8b7b97
    :git: https://github.com/sean7512/RestEssentials.git
  StringExtensionHTML:
    :commit: 427eed531e19ddc24c0024bfa73ca78c280a1ced
    :git: https://github.com/adela-chang/StringExtensionHTML.git
  SwiftyJSON:
    :commit: 74cda0fa5ae0be109b60a7dad396bcf92a9d5a13
    :git: https://github.com/SwiftyJSON/SwiftyJSON.git
  SWXMLHash:
    :commit: 51740badf3b2a05af9c5df760493e36ae61d5864
    :git: https://github.com/drmohundro/SWXMLHash.git

SPEC CHECKSUMS:
  AEXML: fd282b96c01b38e97f0e54706d228a50a1abff1a
  Alamofire: 4c2bf7fa03c4a626163606de0a417568c270575e
  AlamofireImage: 0ff319da83d6abb78a661d7296e742e7f65e15f5
  AlamofireXMLRPC: 9ac52fb02b61c854b762b825759995cdda91cb20
  Firebase: 2b1cdfba1cda8589f32904a697cc753322bff9d8
  FirebaseAnalytics: 0d1b7d81d5021155be37702a94ba1ec16d45365d
  FirebaseCore: a024587e43778508700af8c6b1209f7c4516ba02
  FirebaseDatabase: 05c96d7b43a7368dc91c07791adb49683e1738d1
  FirebaseInstanceID: 2d0518b1378fe9d685ef40cbdd63d2fdc1125339
  GoogleToolboxForMac: 8e329f1b599f2512c6b10676d45736bcc2cbbeb0
  HTMLString: 31f58ab1e35ee5a92cbe0e29dcc8763cd813b2b3
  RestEssentials: 5f82f9e77a712efef38fb4b139bb7b5f93b25d18
  StringExtensionHTML: 1eb6a5a7cc65fe1d95e83743a592c95f95f20452
  SwiftyJSON: 05cf0e98a950e2ba343735264f5a96b81e755d00
  SWXMLHash: e9c3d0443263ad710b06cf7cae51cb2426b6e56d

PODFILE CHECKSUM: 3680ba216ac34d4e6ef1aa6b8d2767dc5d3e2c77

COCOAPODS: 1.2.1
